
Microsoft Visual Studio Solution File, Format Version 12.00
# Visual Studio Version 16
VisualStudioVersion = 16.0.30104.148
MinimumVisualStudioVersion = 10.0.40219.1
Project("{9A19103F-16F7-4668-BE54-9A1E7A4F7556}") = "EntityPractice", "EntityPractice\EntityPractice.csproj", "{19C433E0-86D6-40C4-8DF8-DF39849E8627}"
EndProject
Project("{9A19103F-16F7-4668-BE54-9A1E7A4F7556}") = "DestinationApp", "DestinationApp\DestinationApp.csproj", "{76125084-F4C9-4BA8-8E28-94135535176D}"
EndProject
Project("{9A19103F-16F7-4668-BE54-9A1E7A4F7556}") = "Model", "Model\Model.csproj", "{932BCD6F-9AFD-4006-B97F-4F34C988DC95}"
EndProject
Project("{FAE04EC0-301F-11D3-BF4B-00C04F79EFBC}") = "DataAccess", "DataAccess\DataAccess.csproj", "{79D84716-933D-4E91-8AC9-B27BF3723843}"
EndProject
Project("{FAE04EC0-301F-11D3-BF4B-00C04F79EFBC}") = "BreakAwayConsole", "BreakAwayConsole\BreakAwayConsole.csproj", "{78272148-B167-44FE-A5CF-905E89F38A9B}"
EndProject
Global
	GlobalSection(SolutionConfigurationPlatforms) = preSolution
		Debug|Any CPU = Debug|Any CPU
		Release|Any CPU = Release|Any CPU
	EndGlobalSection
	GlobalSection(ProjectConfigurationPlatforms) = postSolution
		{19C433E0-86D6-40C4-8DF8-DF39849E8627}.Debug|Any CPU.ActiveCfg = Debug|Any CPU
		{19C433E0-86D6-40C4-8DF8-DF39849E8627}.Debug|Any CPU.Build.0 = Debug|Any CPU
		{19C433E0-86D6-40C4-8DF8-DF39849E8627}.Release|Any CPU.ActiveCfg = Release|Any CPU
		{19C433E0-86D6-40C4-8DF8-DF39849E8627}.Release|Any CPU.Build.0 = Release|Any CPU
		{76125084-F4C9-4BA8-8E28-94135535176D}.Debug|Any CPU.ActiveCfg = Debug|Any CPU
		{76125084-F4C9-4BA8-8E28-94135535176D}.Debug|Any CPU.Build.0 = Debug|Any CPU
		{76125084-F4C9-4BA8-8E28-94135535176D}.Release|Any CPU.ActiveCfg = Release|Any CPU
		{76125084-F4C9-4BA8-8E28-94135535176D}.Release|Any CPU.Build.0 = Release|Any CPU
		{932BCD6F-9AFD-4006-B97F-4F34C988DC95}.Debug|Any CPU.ActiveCfg = Debug|Any CPU
		{932BCD6F-9AFD-4006-B97F-4F34C988DC95}.Debug|Any CPU.Build.0 = Debug|Any CPU
		{932BCD6F-9AFD-4006-B97F-4F34C988DC95}.Release|Any CPU.ActiveCfg = Release|Any CPU
		{932BCD6F-9AFD-4006-B97F-4F34C988DC95}.Release|Any CPU.Build.0 = Release|Any CPU
		{79D84716-933D-4E91-8AC9-B27BF3723843}.Debug|Any CPU.ActiveCfg = Debug|Any CPU
		{79D84716-933D-4E91-8AC9-B27BF3723843}.Debug|Any CPU.Build.0 = Debug|Any CPU
		{79D84716-933D-4E91-8AC9-B27BF3723843}.Release|Any CPU.ActiveCfg = Release|Any CPU
		{79D84716-933D-4E91-8AC9-B27BF3723843}.Release|Any CPU.Build.0 = Release|Any CPU
		{78272148-B167-44FE-A5CF-905E89F38A9B}.Debug|Any CPU.ActiveCfg = Debug|Any CPU
		{78272148-B167-44FE-A5CF-905E89F38A9B}.Debug|Any CPU.Build.0 = Debug|Any CPU
		{78272148-B167-44FE-A5CF-905E89F38A9B}.Release|Any CPU.ActiveCfg = Release|Any CPU
		{78272148-B167-44FE-A5CF-905E89F38A9B}.Release|Any CPU.Build.0 = Release|Any CPU
	EndGlobalSection
	GlobalSection(SolutionProperties) = preSolution
		HideSolutionNode = FALSE
	EndGlobalSection
	GlobalSection(ExtensibilityGlobals) = postSolution
		SolutionGuid = {33B33BAC-F286-44CF-95EB-4AFB8A6FD6FD}
	EndGlobalSection
EndGlobal
